<?xml version="1.0" encoding="UTF-8" standalone="yes" ?>
<CodeBlocks_project_file>
	<FileVersion major="1" minor="6" />
	<Project>
		<Option title="Alfred" />
		<Option pch_mode="2" />
		<Option compiler="gcc" />
		<Build>
			<Target title="Debug">
				<Option output="bin/Debug/Alfred" prefix_auto="1" extension_auto="1" />
				<Option object_output="obj/Debug/" />
				<Option type="1" />
				<Option compiler="gcc" />
				<Option parameters="2 7" />
				<Compiler>
					<Add option="-g" />
				</Compiler>
			</Target>
			<Target title="Release">
				<Option output="bin/Release/Alfred" prefix_auto="1" extension_auto="1" />
				<Option object_output="obj/Release/" />
				<Option type="1" />
				<Option compiler="gcc" />
				<Option parameters="2 7" />
				<Compiler>
					<Add option="-O2" />
				</Compiler>
				<Linker>
					<Add option="-s" />
				</Linker>
			</Target>
		</Build>
		<Compiler>
			<Add option="-std=c++11" />
			<Add option="-Wall" />
			<Add directory="Source" />
			<Add directory="../External" />
			<Add directory="../External/rapidjson/include" />
		</Compiler>
		<Linker>
			<Add library="/usr/lib/libwiringPi.so" />
			<Add library="/usr/local/lib/libthrift.so" />
		</Linker>
		<Unit filename="Source/AlTypes.h" />
		<Unit filename="Source/Communication/ComServer.cpp" />
		<Unit filename="Source/Communication/ComServer.h" />
		<Unit filename="Source/Communication/gen-cpp/AlCom_constants.cpp" />
		<Unit filename="Source/Communication/gen-cpp/AlCom_constants.h" />
		<Unit filename="Source/Communication/gen-cpp/AlCom_types.cpp" />
		<Unit filename="Source/Communication/gen-cpp/AlCom_types.h" />
		<Unit filename="Source/Communication/gen-cpp/AlfredCommunication.cpp" />
		<Unit filename="Source/Communication/gen-cpp/AlfredCommunication.h" />
		<Unit filename="Source/Communication/gen-cpp/test_constants.h" />
		<Unit filename="Source/Communication/gen-cpp/test_types.h" />
		<Unit filename="Source/Main.cpp" />
		<Unit filename="Source/Managers/DebugManager.cpp" />
		<Unit filename="Source/Managers/DebugManager.h" />
		<Unit filename="Source/Managers/Manager.cpp" />
		<Unit filename="Source/Managers/Manager.h" />
		<Unit filename="Source/Managers/ObjectsManager.cpp" />
		<Unit filename="Source/Managers/ObjectsManager.h" />
		<Unit filename="Source/Radio/Radio.cpp" />
		<Unit filename="Source/Radio/Radio.h" />
		<Unit filename="Source/Tools/Plot.cpp" />
		<Unit filename="Source/Tools/Plot.h" />
		<Unit filename="Source/Tools/StringTools.cpp" />
		<Unit filename="Source/Tools/StringTools.h" />
		<Unit filename="Source/Tools/Utils.cpp" />
		<Unit filename="Source/Tools/Utils.h" />
		<Unit filename="Source/Wiring/Wiring.cpp" />
		<Unit filename="Source/Wiring/Wiring.h" />
		<Extensions>
			<code_completion />
			<debugger />
		</Extensions>
	</Project>
</CodeBlocks_project_file>
